// !$*UTF8*$!
{
	archiveVersion = 1;
	classes = {
	};
	objectVersion = 56;
	objects = {

/* Begin PBXBuildFile section */
		CA0E80B52C5E3BF300186726 /* MarketPlaceView.swift in Sources */ = {isa = PBXBuildFile; fileRef = CA0E80B42C5E3BF300186726 /* MarketPlaceView.swift */; };
		CA10048C2C5AB64700829522 /* ProfileOptionsView.swift in Sources */ = {isa = PBXBuildFile; fileRef = CA10048B2C5AB64700829522 /* ProfileOptionsView.swift */; };
		CA1004902C5AC1C000829522 /* FriendsGrid.swift in Sources */ = {isa = PBXBuildFile; fileRef = CA10048F2C5AC1C000829522 /* FriendsGrid.swift */; };
		CA1004922C5AE8EC00829522 /* ProfileFriendsView.swift in Sources */ = {isa = PBXBuildFile; fileRef = CA1004912C5AE8EC00829522 /* ProfileFriendsView.swift */; };
		CA12B29E2C5FD36F00290617 /* MenuView.swift in Sources */ = {isa = PBXBuildFile; fileRef = CA12B29D2C5FD36F00290617 /* MenuView.swift */; };
		CA12B2A02C5FE00600290617 /* MenuHeaderView.swift in Sources */ = {isa = PBXBuildFile; fileRef = CA12B29F2C5FE00600290617 /* MenuHeaderView.swift */; };
		CA12B2A22C5FE97500290617 /* MenuGridView.swift in Sources */ = {isa = PBXBuildFile; fileRef = CA12B2A12C5FE97500290617 /* MenuGridView.swift */; };
		CA1A19BC2C57F55B00706044 /* ProfileView.swift in Sources */ = {isa = PBXBuildFile; fileRef = CA1A19BB2C57F55B00706044 /* ProfileView.swift */; };
		CA1A19BE2C57FE3300706044 /* HeaderView.swift in Sources */ = {isa = PBXBuildFile; fileRef = CA1A19BD2C57FE3300706044 /* HeaderView.swift */; };
		CA34D7AD2C5C2CFB002E8E33 /* StickyHeader.swift in Sources */ = {isa = PBXBuildFile; fileRef = CA34D7AC2C5C2CFB002E8E33 /* StickyHeader.swift */; };
		CA34D7B12C5C313C002E8E33 /* ProfilePostView.swift in Sources */ = {isa = PBXBuildFile; fileRef = CA34D7B02C5C313C002E8E33 /* ProfilePostView.swift */; };
		CA3B4ABF2C5A8B4C00E22630 /* ChipModel.swift in Sources */ = {isa = PBXBuildFile; fileRef = CA3B4ABE2C5A8B4C00E22630 /* ChipModel.swift */; };
		CA51C7BE2C5958E000F197E1 /* CustomButton.swift in Sources */ = {isa = PBXBuildFile; fileRef = CA51C7BD2C5958E000F197E1 /* CustomButton.swift */; };
		CA7797652C5A76D200DB6123 /* ProfileHeaderView.swift in Sources */ = {isa = PBXBuildFile; fileRef = CA7797642C5A76D200DB6123 /* ProfileHeaderView.swift */; };
		CA7797672C5A780300DB6123 /* ChipView.swift in Sources */ = {isa = PBXBuildFile; fileRef = CA7797662C5A780300DB6123 /* ChipView.swift */; };
		CAA83D442C579F2A00E39D6F /* facebookApp.swift in Sources */ = {isa = PBXBuildFile; fileRef = CAA83D432C579F2A00E39D6F /* facebookApp.swift */; };
		CAA83D462C579F2A00E39D6F /* ContentView.swift in Sources */ = {isa = PBXBuildFile; fileRef = CAA83D452C579F2A00E39D6F /* ContentView.swift */; };
		CAA83D482C579F2F00E39D6F /* Assets.xcassets in Resources */ = {isa = PBXBuildFile; fileRef = CAA83D472C579F2F00E39D6F /* Assets.xcassets */; };
		CAA83D4B2C579F2F00E39D6F /* Preview Assets.xcassets in Resources */ = {isa = PBXBuildFile; fileRef = CAA83D4A2C579F2F00E39D6F /* Preview Assets.xcassets */; };
		CAA83D552C579F3000E39D6F /* facebookTests.swift in Sources */ = {isa = PBXBuildFile; fileRef = CAA83D542C579F3000E39D6F /* facebookTests.swift */; };
		CAA83D5F2C579F3000E39D6F /* facebookUITests.swift in Sources */ = {isa = PBXBuildFile; fileRef = CAA83D5E2C579F3000E39D6F /* facebookUITests.swift */; };
		CAA83D612C579F3000E39D6F /* facebookUITestsLaunchTests.swift in Sources */ = {isa = PBXBuildFile; fileRef = CAA83D602C579F3000E39D6F /* facebookUITestsLaunchTests.swift */; };
		CAA83D7D2C57A0C200E39D6F /* MainTabView.swift in Sources */ = {isa = PBXBuildFile; fileRef = CAA83D7C2C57A0C200E39D6F /* MainTabView.swift */; };
		CAAF48372C5D5E27000EEE98 /* ReelsNLiveView.swift in Sources */ = {isa = PBXBuildFile; fileRef = CAAF48362C5D5E27000EEE98 /* ReelsNLiveView.swift */; };
		CAAF48392C5D6630000EEE98 /* ReelsItemView.swift in Sources */ = {isa = PBXBuildFile; fileRef = CAAF48382C5D6630000EEE98 /* ReelsItemView.swift */; };
		CAAF483B2C5D66D0000EEE98 /* ManagePostView.swift in Sources */ = {isa = PBXBuildFile; fileRef = CAAF483A2C5D66D0000EEE98 /* ManagePostView.swift */; };
		CAAF483E2C5D682D000EEE98 /* CreatePostView.swift in Sources */ = {isa = PBXBuildFile; fileRef = CAAF483D2C5D682D000EEE98 /* CreatePostView.swift */; };
		CAAF48402C5D71E5000EEE98 /* ChoiceView.swift in Sources */ = {isa = PBXBuildFile; fileRef = CAAF483F2C5D71E5000EEE98 /* ChoiceView.swift */; };
		CAAF48432C5D89D5000EEE98 /* FriendsView.swift in Sources */ = {isa = PBXBuildFile; fileRef = CAAF48422C5D89D5000EEE98 /* FriendsView.swift */; };
		CAAF48452C5D9354000EEE98 /* FriendsCell.swift in Sources */ = {isa = PBXBuildFile; fileRef = CAAF48442C5D9354000EEE98 /* FriendsCell.swift */; };
		CABB2EFD2C591798006EB95D /* PostView.swift in Sources */ = {isa = PBXBuildFile; fileRef = CABB2EFC2C591798006EB95D /* PostView.swift */; };
		CAEF08A72C58057000C71AD0 /* NewsFeedView.swift in Sources */ = {isa = PBXBuildFile; fileRef = CAEF08A62C58057000C71AD0 /* NewsFeedView.swift */; };
		CAEF08A92C580F2B00C71AD0 /* .gitignore in Resources */ = {isa = PBXBuildFile; fileRef = CAEF08A82C580F2B00C71AD0 /* .gitignore */; };
		CAEF08AD2C581E6E00C71AD0 /* DividerView.swift in Sources */ = {isa = PBXBuildFile; fileRef = CAEF08AC2C581E6E00C71AD0 /* DividerView.swift */; };
		CAEF08AF2C581EBB00C71AD0 /* MyStoryCardView.swift in Sources */ = {isa = PBXBuildFile; fileRef = CAEF08AE2C581EBB00C71AD0 /* MyStoryCardView.swift */; };
		CAEF08B12C58404D00C71AD0 /* StoryCardView.swift in Sources */ = {isa = PBXBuildFile; fileRef = CAEF08B02C58404D00C71AD0 /* StoryCardView.swift */; };
		CAEF08B32C58437E00C71AD0 /* StoryFeedView.swift in Sources */ = {isa = PBXBuildFile; fileRef = CAEF08B22C58437E00C71AD0 /* StoryFeedView.swift */; };
		CAF0A1232C600B13000FDEEA /* DropdownButtonView.swift in Sources */ = {isa = PBXBuildFile; fileRef = CAF0A1222C600B13000FDEEA /* DropdownButtonView.swift */; };
		CAF0A1252C60115A000FDEEA /* SettingView.swift in Sources */ = {isa = PBXBuildFile; fileRef = CAF0A1242C60115A000FDEEA /* SettingView.swift */; };
/* End PBXBuildFile section */

/* Begin PBXContainerItemProxy section */
		CAA83D512C579F3000E39D6F /* PBXContainerItemProxy */ = {
			isa = PBXContainerItemProxy;
			containerPortal = CAA83D382C579F2A00E39D6F /* Project object */;
			proxyType = 1;
			remoteGlobalIDString = CAA83D3F2C579F2A00E39D6F;
			remoteInfo = facebook;
		};
		CAA83D5B2C579F3000E39D6F /* PBXContainerItemProxy */ = {
			isa = PBXContainerItemProxy;
			containerPortal = CAA83D382C579F2A00E39D6F /* Project object */;
			proxyType = 1;
			remoteGlobalIDString = CAA83D3F2C579F2A00E39D6F;
			remoteInfo = facebook;
		};
/* End PBXContainerItemProxy section */

/* Begin PBXFileReference section */
		CA0E80B42C5E3BF300186726 /* MarketPlaceView.swift */ = {isa = PBXFileReference; lastKnownFileType = sourcecode.swift; path = MarketPlaceView.swift; sourceTree = "<group>"; };
		CA10048B2C5AB64700829522 /* ProfileOptionsView.swift */ = {isa = PBXFileReference; lastKnownFileType = sourcecode.swift; path = ProfileOptionsView.swift; sourceTree = "<group>"; };
		CA10048F2C5AC1C000829522 /* FriendsGrid.swift */ = {isa = PBXFileReference; lastKnownFileType = sourcecode.swift; path = FriendsGrid.swift; sourceTree = "<group>"; };
		CA1004912C5AE8EC00829522 /* ProfileFriendsView.swift */ = {isa = PBXFileReference; lastKnownFileType = sourcecode.swift; path = ProfileFriendsView.swift; sourceTree = "<group>"; };
		CA12B29D2C5FD36F00290617 /* MenuView.swift */ = {isa = PBXFileReference; lastKnownFileType = sourcecode.swift; path = MenuView.swift; sourceTree = "<group>"; };
		CA12B29F2C5FE00600290617 /* MenuHeaderView.swift */ = {isa = PBXFileReference; lastKnownFileType = sourcecode.swift; path = MenuHeaderView.swift; sourceTree = "<group>"; };
		CA12B2A12C5FE97500290617 /* MenuGridView.swift */ = {isa = PBXFileReference; lastKnownFileType = sourcecode.swift; path = MenuGridView.swift; sourceTree = "<group>"; };
		CA1A19BB2C57F55B00706044 /* ProfileView.swift */ = {isa = PBXFileReference; lastKnownFileType = sourcecode.swift; path = ProfileView.swift; sourceTree = "<group>"; };
		CA1A19BD2C57FE3300706044 /* HeaderView.swift */ = {isa = PBXFileReference; lastKnownFileType = sourcecode.swift; name = HeaderView.swift; path = facebook/NewsFeedView/HeaderView.swift; sourceTree = SOURCE_ROOT; };
		CA34D7AC2C5C2CFB002E8E33 /* StickyHeader.swift */ = {isa = PBXFileReference; lastKnownFileType = sourcecode.swift; path = StickyHeader.swift; sourceTree = "<group>"; };
		CA34D7B02C5C313C002E8E33 /* ProfilePostView.swift */ = {isa = PBXFileReference; lastKnownFileType = sourcecode.swift; path = ProfilePostView.swift; sourceTree = "<group>"; };
		CA3B4ABE2C5A8B4C00E22630 /* ChipModel.swift */ = {isa = PBXFileReference; lastKnownFileType = sourcecode.swift; path = ChipModel.swift; sourceTree = "<group>"; };
		CA51C7BD2C5958E000F197E1 /* CustomButton.swift */ = {isa = PBXFileReference; lastKnownFileType = sourcecode.swift; path = CustomButton.swift; sourceTree = "<group>"; };
		CA7797642C5A76D200DB6123 /* ProfileHeaderView.swift */ = {isa = PBXFileReference; lastKnownFileType = sourcecode.swift; path = ProfileHeaderView.swift; sourceTree = "<group>"; };
		CA7797662C5A780300DB6123 /* ChipView.swift */ = {isa = PBXFileReference; lastKnownFileType = sourcecode.swift; path = ChipView.swift; sourceTree = "<group>"; };
		CAA83D402C579F2A00E39D6F /* facebook.app */ = {isa = PBXFileReference; explicitFileType = wrapper.application; includeInIndex = 0; path = facebook.app; sourceTree = BUILT_PRODUCTS_DIR; };
		CAA83D432C579F2A00E39D6F /* facebookApp.swift */ = {isa = PBXFileReference; lastKnownFileType = sourcecode.swift; path = facebookApp.swift; sourceTree = "<group>"; };
		CAA83D452C579F2A00E39D6F /* ContentView.swift */ = {isa = PBXFileReference; lastKnownFileType = sourcecode.swift; path = ContentView.swift; sourceTree = "<group>"; };
		CAA83D472C579F2F00E39D6F /* Assets.xcassets */ = {isa = PBXFileReference; lastKnownFileType = folder.assetcatalog; path = Assets.xcassets; sourceTree = "<group>"; };
		CAA83D4A2C579F2F00E39D6F /* Preview Assets.xcassets */ = {isa = PBXFileReference; lastKnownFileType = folder.assetcatalog; path = "Preview Assets.xcassets"; sourceTree = "<group>"; };
		CAA83D502C579F3000E39D6F /* facebookTests.xctest */ = {isa = PBXFileReference; explicitFileType = wrapper.cfbundle; includeInIndex = 0; path = facebookTests.xctest; sourceTree = BUILT_PRODUCTS_DIR; };
		CAA83D542C579F3000E39D6F /* facebookTests.swift */ = {isa = PBXFileReference; lastKnownFileType = sourcecode.swift; path = facebookTests.swift; sourceTree = "<group>"; };
		CAA83D5A2C579F3000E39D6F /* facebookUITests.xctest */ = {isa = PBXFileReference; explicitFileType = wrapper.cfbundle; includeInIndex = 0; path = facebookUITests.xctest; sourceTree = BUILT_PRODUCTS_DIR; };
		CAA83D5E2C579F3000E39D6F /* facebookUITests.swift */ = {isa = PBXFileReference; lastKnownFileType = sourcecode.swift; path = facebookUITests.swift; sourceTree = "<group>"; };
		CAA83D602C579F3000E39D6F /* facebookUITestsLaunchTests.swift */ = {isa = PBXFileReference; lastKnownFileType = sourcecode.swift; path = facebookUITestsLaunchTests.swift; sourceTree = "<group>"; };
		CAA83D7C2C57A0C200E39D6F /* MainTabView.swift */ = {isa = PBXFileReference; lastKnownFileType = sourcecode.swift; path = MainTabView.swift; sourceTree = "<group>"; };
		CAAF48362C5D5E27000EEE98 /* ReelsNLiveView.swift */ = {isa = PBXFileReference; lastKnownFileType = sourcecode.swift; path = ReelsNLiveView.swift; sourceTree = "<group>"; };
		CAAF48382C5D6630000EEE98 /* ReelsItemView.swift */ = {isa = PBXFileReference; lastKnownFileType = sourcecode.swift; path = ReelsItemView.swift; sourceTree = "<group>"; };
		CAAF483A2C5D66D0000EEE98 /* ManagePostView.swift */ = {isa = PBXFileReference; lastKnownFileType = sourcecode.swift; path = ManagePostView.swift; sourceTree = "<group>"; };
		CAAF483D2C5D682D000EEE98 /* CreatePostView.swift */ = {isa = PBXFileReference; lastKnownFileType = sourcecode.swift; path = CreatePostView.swift; sourceTree = "<group>"; };
		CAAF483F2C5D71E5000EEE98 /* ChoiceView.swift */ = {isa = PBXFileReference; lastKnownFileType = sourcecode.swift; path = ChoiceView.swift; sourceTree = "<group>"; };
		CAAF48422C5D89D5000EEE98 /* FriendsView.swift */ = {isa = PBXFileReference; lastKnownFileType = sourcecode.swift; path = FriendsView.swift; sourceTree = "<group>"; };
		CAAF48442C5D9354000EEE98 /* FriendsCell.swift */ = {isa = PBXFileReference; lastKnownFileType = sourcecode.swift; path = FriendsCell.swift; sourceTree = "<group>"; };
		CABB2EFC2C591798006EB95D /* PostView.swift */ = {isa = PBXFileReference; lastKnownFileType = sourcecode.swift; path = PostView.swift; sourceTree = "<group>"; };
		CAEF08A62C58057000C71AD0 /* NewsFeedView.swift */ = {isa = PBXFileReference; lastKnownFileType = sourcecode.swift; path = NewsFeedView.swift; sourceTree = "<group>"; };
		CAEF08A82C580F2B00C71AD0 /* .gitignore */ = {isa = PBXFileReference; lastKnownFileType = text; path = .gitignore; sourceTree = "<group>"; };
		CAEF08AC2C581E6E00C71AD0 /* DividerView.swift */ = {isa = PBXFileReference; lastKnownFileType = sourcecode.swift; path = DividerView.swift; sourceTree = "<group>"; };
		CAEF08AE2C581EBB00C71AD0 /* MyStoryCardView.swift */ = {isa = PBXFileReference; lastKnownFileType = sourcecode.swift; path = MyStoryCardView.swift; sourceTree = "<group>"; };
		CAEF08B02C58404D00C71AD0 /* StoryCardView.swift */ = {isa = PBXFileReference; lastKnownFileType = sourcecode.swift; path = StoryCardView.swift; sourceTree = "<group>"; };
		CAEF08B22C58437E00C71AD0 /* StoryFeedView.swift */ = {isa = PBXFileReference; lastKnownFileType = sourcecode.swift; path = StoryFeedView.swift; sourceTree = "<group>"; };
		CAF0A1222C600B13000FDEEA /* DropdownButtonView.swift */ = {isa = PBXFileReference; lastKnownFileType = sourcecode.swift; path = DropdownButtonView.swift; sourceTree = "<group>"; };
		CAF0A1242C60115A000FDEEA /* SettingView.swift */ = {isa = PBXFileReference; lastKnownFileType = sourcecode.swift; path = SettingView.swift; sourceTree = "<group>"; };
/* End PBXFileReference section */

/* Begin PBXFrameworksBuildPhase section */
		CAA83D3D2C579F2A00E39D6F /* Frameworks */ = {
			isa = PBXFrameworksBuildPhase;
			buildActionMask = 2147483647;
			files = (
			);
			runOnlyForDeploymentPostprocessing = 0;
		};
		CAA83D4D2C579F3000E39D6F /* Frameworks */ = {
			isa = PBXFrameworksBuildPhase;
			buildActionMask = 2147483647;
			files = (
			);
			runOnlyForDeploymentPostprocessing = 0;
		};
		CAA83D572C579F3000E39D6F /* Frameworks */ = {
			isa = PBXFrameworksBuildPhase;
			buildActionMask = 2147483647;
			files = (
			);
			runOnlyForDeploymentPostprocessing = 0;
		};
/* End PBXFrameworksBuildPhase section */

/* Begin PBXGroup section */
		CA0E80B32C5E3BDD00186726 /* MarketView */ = {
			isa = PBXGroup;
			children = (
				CA0E80B42C5E3BF300186726 /* MarketPlaceView.swift */,
			);
			path = MarketView;
			sourceTree = "<group>";
		};
		CA1801FF2C5E948900D089F4 /* VideosView */ = {
			isa = PBXGroup;
			children = (
			);
			path = VideosView;
			sourceTree = "<group>";
		};
		CA1802002C5E94FC00D089F4 /* MenuView */ = {
			isa = PBXGroup;
			children = (
				CA12B29D2C5FD36F00290617 /* MenuView.swift */,
				CA12B29F2C5FE00600290617 /* MenuHeaderView.swift */,
				CA12B2A12C5FE97500290617 /* MenuGridView.swift */,
				CAF0A1222C600B13000FDEEA /* DropdownButtonView.swift */,
				CAF0A1242C60115A000FDEEA /* SettingView.swift */,
			);
			path = MenuView;
			sourceTree = "<group>";
		};
		CA1A19B92C57F4DE00706044 /* Profile */ = {
			isa = PBXGroup;
			children = (
				CA1A19BA2C57F52B00706044 /* View */,
			);
			path = Profile;
			sourceTree = "<group>";
		};
		CA1A19BA2C57F52B00706044 /* View */ = {
			isa = PBXGroup;
			children = (
				CA1A19BB2C57F55B00706044 /* ProfileView.swift */,
				CA7797642C5A76D200DB6123 /* ProfileHeaderView.swift */,
				CA10048B2C5AB64700829522 /* ProfileOptionsView.swift */,
				CA10048F2C5AC1C000829522 /* FriendsGrid.swift */,
				CA1004912C5AE8EC00829522 /* ProfileFriendsView.swift */,
				CA34D7AC2C5C2CFB002E8E33 /* StickyHeader.swift */,
				CA34D7B02C5C313C002E8E33 /* ProfilePostView.swift */,
				CAAF48362C5D5E27000EEE98 /* ReelsNLiveView.swift */,
				CAAF48382C5D6630000EEE98 /* ReelsItemView.swift */,
				CAAF483A2C5D66D0000EEE98 /* ManagePostView.swift */,
			);
			path = View;
			sourceTree = "<group>";
		};
		CA3B4ABD2C5A8B3D00E22630 /* Models */ = {
			isa = PBXGroup;
			children = (
				CA3B4ABE2C5A8B4C00E22630 /* ChipModel.swift */,
			);
			path = Models;
			sourceTree = "<group>";
		};
		CAA83D372C579F2A00E39D6F = {
			isa = PBXGroup;
			children = (
				CAEF08A82C580F2B00C71AD0 /* .gitignore */,
				CAA83D422C579F2A00E39D6F /* facebook */,
				CAA83D532C579F3000E39D6F /* facebookTests */,
				CAA83D5D2C579F3000E39D6F /* facebookUITests */,
				CAA83D412C579F2A00E39D6F /* Products */,
			);
			sourceTree = "<group>";
		};
		CAA83D412C579F2A00E39D6F /* Products */ = {
			isa = PBXGroup;
			children = (
				CAA83D402C579F2A00E39D6F /* facebook.app */,
				CAA83D502C579F3000E39D6F /* facebookTests.xctest */,
				CAA83D5A2C579F3000E39D6F /* facebookUITests.xctest */,
			);
			name = Products;
			sourceTree = "<group>";
		};
		CAA83D422C579F2A00E39D6F /* facebook */ = {
			isa = PBXGroup;
			children = (
				CA1802002C5E94FC00D089F4 /* MenuView */,
				CA1801FF2C5E948900D089F4 /* VideosView */,
				CA0E80B32C5E3BDD00186726 /* MarketView */,
				CAAF48412C5D8992000EEE98 /* Friends */,
				CAAF483C2C5D6810000EEE98 /* PostCreateView */,
				CA3B4ABD2C5A8B3D00E22630 /* Models */,
				CAEF08AA2C581E4D00C71AD0 /* CustomComponents */,
				CAEF08A42C58037E00C71AD0 /* NewsFeedView */,
				CAA83D712C579FB700E39D6F /* Core */,
				CAA83D432C579F2A00E39D6F /* facebookApp.swift */,
				CAA83D452C579F2A00E39D6F /* ContentView.swift */,
				CAA83D472C579F2F00E39D6F /* Assets.xcassets */,
				CAA83D492C579F2F00E39D6F /* Preview Content */,
			);
			path = facebook;
			sourceTree = "<group>";
		};
		CAA83D492C579F2F00E39D6F /* Preview Content */ = {
			isa = PBXGroup;
			children = (
				CAA83D4A2C579F2F00E39D6F /* Preview Assets.xcassets */,
			);
			path = "Preview Content";
			sourceTree = "<group>";
		};
		CAA83D532C579F3000E39D6F /* facebookTests */ = {
			isa = PBXGroup;
			children = (
				CAA83D542C579F3000E39D6F /* facebookTests.swift */,
			);
			path = facebookTests;
			sourceTree = "<group>";
		};
		CAA83D5D2C579F3000E39D6F /* facebookUITests */ = {
			isa = PBXGroup;
			children = (
				CAA83D5E2C579F3000E39D6F /* facebookUITests.swift */,
				CAA83D602C579F3000E39D6F /* facebookUITestsLaunchTests.swift */,
			);
			path = facebookUITests;
			sourceTree = "<group>";
		};
		CAA83D712C579FB700E39D6F /* Core */ = {
			isa = PBXGroup;
			children = (
				CA1A19B92C57F4DE00706044 /* Profile */,
				CAA83D7B2C57A05D00E39D6F /* TabBar */,
			);
			path = Core;
			sourceTree = "<group>";
		};
		CAA83D7B2C57A05D00E39D6F /* TabBar */ = {
			isa = PBXGroup;
			children = (
				CAA83D7C2C57A0C200E39D6F /* MainTabView.swift */,
			);
			path = TabBar;
			sourceTree = "<group>";
		};
		CAAF483C2C5D6810000EEE98 /* PostCreateView */ = {
			isa = PBXGroup;
			children = (
				CAAF483D2C5D682D000EEE98 /* CreatePostView.swift */,
				CAAF483F2C5D71E5000EEE98 /* ChoiceView.swift */,
			);
			path = PostCreateView;
			sourceTree = "<group>";
		};
		CAAF48412C5D8992000EEE98 /* Friends */ = {
			isa = PBXGroup;
			children = (
				CAAF48422C5D89D5000EEE98 /* FriendsView.swift */,
				CAAF48442C5D9354000EEE98 /* FriendsCell.swift */,
			);
			path = Friends;
			sourceTree = "<group>";
		};
		CAEF08A42C58037E00C71AD0 /* NewsFeedView */ = {
			isa = PBXGroup;
			children = (
				CA1A19BD2C57FE3300706044 /* HeaderView.swift */,
				CAEF08A62C58057000C71AD0 /* NewsFeedView.swift */,
				CAEF08AE2C581EBB00C71AD0 /* MyStoryCardView.swift */,
				CAEF08B02C58404D00C71AD0 /* StoryCardView.swift */,
				CAEF08B22C58437E00C71AD0 /* StoryFeedView.swift */,
			);
			path = NewsFeedView;
			sourceTree = "<group>";
		};
		CAEF08AA2C581E4D00C71AD0 /* CustomComponents */ = {
			isa = PBXGroup;
			children = (
				CAEF08AB2C581E5800C71AD0 /* Views */,
			);
			path = CustomComponents;
			sourceTree = "<group>";
		};
		CAEF08AB2C581E5800C71AD0 /* Views */ = {
			isa = PBXGroup;
			children = (
				CAEF08AC2C581E6E00C71AD0 /* DividerView.swift */,
				CABB2EFC2C591798006EB95D /* PostView.swift */,
				CA51C7BD2C5958E000F197E1 /* CustomButton.swift */,
				CA7797662C5A780300DB6123 /* ChipView.swift */,
			);
			path = Views;
			sourceTree = "<group>";
		};
/* End PBXGroup section */

/* Begin PBXNativeTarget section */
		CAA83D3F2C579F2A00E39D6F /* facebook */ = {
			isa = PBXNativeTarget;
			buildConfigurationList = CAA83D642C579F3000E39D6F /* Build configuration list for PBXNativeTarget "facebook" */;
			buildPhases = (
				CAA83D3C2C579F2A00E39D6F /* Sources */,
				CAA83D3D2C579F2A00E39D6F /* Frameworks */,
				CAA83D3E2C579F2A00E39D6F /* Resources */,
			);
			buildRules = (
			);
			dependencies = (
			);
			name = facebook;
			productName = facebook;
			productReference = CAA83D402C579F2A00E39D6F /* facebook.app */;
			productType = "com.apple.product-type.application";
		};
		CAA83D4F2C579F3000E39D6F /* facebookTests */ = {
			isa = PBXNativeTarget;
			buildConfigurationList = CAA83D672C579F3000E39D6F /* Build configuration list for PBXNativeTarget "facebookTests" */;
			buildPhases = (
				CAA83D4C2C579F3000E39D6F /* Sources */,
				CAA83D4D2C579F3000E39D6F /* Frameworks */,
				CAA83D4E2C579F3000E39D6F /* Resources */,
			);
			buildRules = (
			);
			dependencies = (
				CAA83D522C579F3000E39D6F /* PBXTargetDependency */,
			);
			name = facebookTests;
			productName = facebookTests;
			productReference = CAA83D502C579F3000E39D6F /* facebookTests.xctest */;
			productType = "com.apple.product-type.bundle.unit-test";
		};
		CAA83D592C579F3000E39D6F /* facebookUITests */ = {
			isa = PBXNativeTarget;
			buildConfigurationList = CAA83D6A2C579F3000E39D6F /* Build configuration list for PBXNativeTarget "facebookUITests" */;
			buildPhases = (
				CAA83D562C579F3000E39D6F /* Sources */,
				CAA83D572C579F3000E39D6F /* Frameworks */,
				CAA83D582C579F3000E39D6F /* Resources */,
			);
			buildRules = (
			);
			dependencies = (
				CAA83D5C2C579F3000E39D6F /* PBXTargetDependency */,
			);
			name = facebookUITests;
			productName = facebookUITests;
			productReference = CAA83D5A2C579F3000E39D6F /* facebookUITests.xctest */;
			productType = "com.apple.product-type.bundle.ui-testing";
		};
/* End PBXNativeTarget section */

/* Begin PBXProject section */
		CAA83D382C579F2A00E39D6F /* Project object */ = {
			isa = PBXProject;
			attributes = {
				BuildIndependentTargetsInParallel = 1;
				LastSwiftUpdateCheck = 1520;
				LastUpgradeCheck = 1520;
				TargetAttributes = {
					CAA83D3F2C579F2A00E39D6F = {
						CreatedOnToolsVersion = 15.2;
					};
					CAA83D4F2C579F3000E39D6F = {
						CreatedOnToolsVersion = 15.2;
						TestTargetID = CAA83D3F2C579F2A00E39D6F;
					};
					CAA83D592C579F3000E39D6F = {
						CreatedOnToolsVersion = 15.2;
						TestTargetID = CAA83D3F2C579F2A00E39D6F;
					};
				};
			};
			buildConfigurationList = CAA83D3B2C579F2A00E39D6F /* Build configuration list for PBXProject "facebook" */;
			compatibilityVersion = "Xcode 14.0";
			developmentRegion = en;
			hasScannedForEncodings = 0;
			knownRegions = (
				en,
				Base,
			);
			mainGroup = CAA83D372C579F2A00E39D6F;
			productRefGroup = CAA83D412C579F2A00E39D6F /* Products */;
			projectDirPath = "";
			projectRoot = "";
			targets = (
				CAA83D3F2C579F2A00E39D6F /* facebook */,
				CAA83D4F2C579F3000E39D6F /* facebookTests */,
				CAA83D592C579F3000E39D6F /* facebookUITests */,
			);
		};
/* End PBXProject section */

/* Begin PBXResourcesBuildPhase section */
		CAA83D3E2C579F2A00E39D6F /* Resources */ = {
			isa = PBXResourcesBuildPhase;
			buildActionMask = 2147483647;
			files = (
				CAA83D4B2C579F2F00E39D6F /* Preview Assets.xcassets in Resources */,
				CAEF08A92C580F2B00C71AD0 /* .gitignore in Resources */,
				CAA83D482C579F2F00E39D6F /* Assets.xcassets in Resources */,
			);
			runOnlyForDeploymentPostprocessing = 0;
		};
		CAA83D4E2C579F3000E39D6F /* Resources */ = {
			isa = PBXResourcesBuildPhase;
			buildActionMask = 2147483647;
			files = (
			);
			runOnlyForDeploymentPostprocessing = 0;
		};
		CAA83D582C579F3000E39D6F /* Resources */ = {
			isa = PBXResourcesBuildPhase;
			buildActionMask = 2147483647;
			files = (
			);
			runOnlyForDeploymentPostprocessing = 0;
		};
/* End PBXResourcesBuildPhase section */

/* Begin PBXSourcesBuildPhase section */
		CAA83D3C2C579F2A00E39D6F /* Sources */ = {
			isa = PBXSourcesBuildPhase;
			buildActionMask = 2147483647;
			files = (
				CAAF483B2C5D66D0000EEE98 /* ManagePostView.swift in Sources */,
				CA1004922C5AE8EC00829522 /* ProfileFriendsView.swift in Sources */,
				CAAF48402C5D71E5000EEE98 /* ChoiceView.swift in Sources */,
				CA12B2A22C5FE97500290617 /* MenuGridView.swift in Sources */,
				CA1A19BE2C57FE3300706044 /* HeaderView.swift in Sources */,
				CAA83D462C579F2A00E39D6F /* ContentView.swift in Sources */,
				CA3B4ABF2C5A8B4C00E22630 /* ChipModel.swift in Sources */,
				CAEF08AD2C581E6E00C71AD0 /* DividerView.swift in Sources */,
				CA1A19BC2C57F55B00706044 /* ProfileView.swift in Sources */,
				CA34D7B12C5C313C002E8E33 /* ProfilePostView.swift in Sources */,
				CA7797672C5A780300DB6123 /* ChipView.swift in Sources */,
				CA12B29E2C5FD36F00290617 /* MenuView.swift in Sources */,
				CA34D7AD2C5C2CFB002E8E33 /* StickyHeader.swift in Sources */,
				CAEF08B12C58404D00C71AD0 /* StoryCardView.swift in Sources */,
				CAAF48432C5D89D5000EEE98 /* FriendsView.swift in Sources */,
				CAEF08AF2C581EBB00C71AD0 /* MyStoryCardView.swift in Sources */,
				CA7797652C5A76D200DB6123 /* ProfileHeaderView.swift in Sources */,
				CAAF48372C5D5E27000EEE98 /* ReelsNLiveView.swift in Sources */,
				CA0E80B52C5E3BF300186726 /* MarketPlaceView.swift in Sources */,
				CAEF08B32C58437E00C71AD0 /* StoryFeedView.swift in Sources */,
				CA1004902C5AC1C000829522 /* FriendsGrid.swift in Sources */,
				CAF0A1252C60115A000FDEEA /* SettingView.swift in Sources */,
				CAEF08A72C58057000C71AD0 /* NewsFeedView.swift in Sources */,
				CAAF48452C5D9354000EEE98 /* FriendsCell.swift in Sources */,
				CAF0A1232C600B13000FDEEA /* DropdownButtonView.swift in Sources */,
				CA10048C2C5AB64700829522 /* ProfileOptionsView.swift in Sources */,
				CAAF48392C5D6630000EEE98 /* ReelsItemView.swift in Sources */,
				CA51C7BE2C5958E000F197E1 /* CustomButton.swift in Sources */,
				CAAF483E2C5D682D000EEE98 /* CreatePostView.swift in Sources */,
				CAA83D442C579F2A00E39D6F /* facebookApp.swift in Sources */,
				CAA83D7D2C57A0C200E39D6F /* MainTabView.swift in Sources */,
				CABB2EFD2C591798006EB95D /* PostView.swift in Sources */,
				CA12B2A02C5FE00600290617 /* MenuHeaderView.swift in Sources */,
			);
			runOnlyForDeploymentPostprocessing = 0;
		};
		CAA83D4C2C579F3000E39D6F /* Sources */ = {
			isa = PBXSourcesBuildPhase;
			buildActionMask = 2147483647;
			files = (
				CAA83D552C579F3000E39D6F /* facebookTests.swift in Sources */,
			);
			runOnlyForDeploymentPostprocessing = 0;
		};
		CAA83D562C579F3000E39D6F /* Sources */ = {
			isa = PBXSourcesBuildPhase;
			buildActionMask = 2147483647;
			files = (
				CAA83D612C579F3000E39D6F /* facebookUITestsLaunchTests.swift in Sources */,
				CAA83D5F2C579F3000E39D6F /* facebookUITests.swift in Sources */,
			);
			runOnlyForDeploymentPostprocessing = 0;
		};
/* End PBXSourcesBuildPhase section */

/* Begin PBXTargetDependency section */
		CAA83D522C579F3000E39D6F /* PBXTargetDependency */ = {
			isa = PBXTargetDependency;
			target = CAA83D3F2C579F2A00E39D6F /* facebook */;
			targetProxy = CAA83D512C579F3000E39D6F /* PBXContainerItemProxy */;
		};
		CAA83D5C2C579F3000E39D6F /* PBXTargetDependency */ = {
			isa = PBXTargetDependency;
			target = CAA83D3F2C579F2A00E39D6F /* facebook */;
			targetProxy = CAA83D5B2C579F3000E39D6F /* PBXContainerItemProxy */;
		};
/* End PBXTargetDependency section */

/* Begin XCBuildConfiguration section */
		CAA83D622C579F3000E39D6F /* Debug */ = {
			isa = XCBuildConfiguration;
			buildSettings = {
				ALWAYS_SEARCH_USER_PATHS = NO;
				ASSETCATALOG_COMPILER_GENERATE_SWIFT_ASSET_SYMBOL_EXTENSIONS = YES;
				CLANG_ANALYZER_NONNULL = YES;
				CLANG_ANALYZER_NUMBER_OBJECT_CONVERSION = YES_AGGRESSIVE;
				CLANG_CXX_LANGUAGE_STANDARD = "gnu++20";
				CLANG_ENABLE_MODULES = YES;
				CLANG_ENABLE_OBJC_ARC = YES;
				CLANG_ENABLE_OBJC_WEAK = YES;
				CLANG_WARN_BLOCK_CAPTURE_AUTORELEASING = YES;
				CLANG_WARN_BOOL_CONVERSION = YES;
				CLANG_WARN_COMMA = YES;
				CLANG_WARN_CONSTANT_CONVERSION = YES;
				CLANG_WARN_DEPRECATED_OBJC_IMPLEMENTATIONS = YES;
				CLANG_WARN_DIRECT_OBJC_ISA_USAGE = YES_ERROR;
				CLANG_WARN_DOCUMENTATION_COMMENTS = YES;
				CLANG_WARN_EMPTY_BODY = YES;
				CLANG_WARN_ENUM_CONVERSION = YES;
				CLANG_WARN_INFINITE_RECURSION = YES;
				CLANG_WARN_INT_CONVERSION = YES;
				CLANG_WARN_NON_LITERAL_NULL_CONVERSION = YES;
				CLANG_WARN_OBJC_IMPLICIT_RETAIN_SELF = YES;
				CLANG_WARN_OBJC_LITERAL_CONVERSION = YES;
				CLANG_WARN_OBJC_ROOT_CLASS = YES_ERROR;
				CLANG_WARN_QUOTED_INCLUDE_IN_FRAMEWORK_HEADER = YES;
				CLANG_WARN_RANGE_LOOP_ANALYSIS = YES;
				CLANG_WARN_STRICT_PROTOTYPES = YES;
				CLANG_WARN_SUSPICIOUS_MOVE = YES;
				CLANG_WARN_UNGUARDED_AVAILABILITY = YES_AGGRESSIVE;
				CLANG_WARN_UNREACHABLE_CODE = YES;
				CLANG_WARN__DUPLICATE_METHOD_MATCH = YES;
				COPY_PHASE_STRIP = NO;
				DEBUG_INFORMATION_FORMAT = dwarf;
				ENABLE_STRICT_OBJC_MSGSEND = YES;
				ENABLE_TESTABILITY = YES;
				ENABLE_USER_SCRIPT_SANDBOXING = YES;
				GCC_C_LANGUAGE_STANDARD = gnu17;
				GCC_DYNAMIC_NO_PIC = NO;
				GCC_NO_COMMON_BLOCKS = YES;
				GCC_OPTIMIZATION_LEVEL = 0;
				GCC_PREPROCESSOR_DEFINITIONS = (
					"DEBUG=1",
					"$(inherited)",
				);
				GCC_WARN_64_TO_32_BIT_CONVERSION = YES;
				GCC_WARN_ABOUT_RETURN_TYPE = YES_ERROR;
				GCC_WARN_UNDECLARED_SELECTOR = YES;
				GCC_WARN_UNINITIALIZED_AUTOS = YES_AGGRESSIVE;
				GCC_WARN_UNUSED_FUNCTION = YES;
				GCC_WARN_UNUSED_VARIABLE = YES;
				IPHONEOS_DEPLOYMENT_TARGET = 17.2;
				LOCALIZATION_PREFERS_STRING_CATALOGS = YES;
				MTL_ENABLE_DEBUG_INFO = INCLUDE_SOURCE;
				MTL_FAST_MATH = YES;
				ONLY_ACTIVE_ARCH = YES;
				SDKROOT = iphoneos;
				SWIFT_ACTIVE_COMPILATION_CONDITIONS = "DEBUG $(inherited)";
				SWIFT_OPTIMIZATION_LEVEL = "-Onone";
			};
			name = Debug;
		};
		CAA83D632C579F3000E39D6F /* Release */ = {
			isa = XCBuildConfiguration;
			buildSettings = {
				ALWAYS_SEARCH_USER_PATHS = NO;
				ASSETCATALOG_COMPILER_GENERATE_SWIFT_ASSET_SYMBOL_EXTENSIONS = YES;
				CLANG_ANALYZER_NONNULL = YES;
				CLANG_ANALYZER_NUMBER_OBJECT_CONVERSION = YES_AGGRESSIVE;
				CLANG_CXX_LANGUAGE_STANDARD = "gnu++20";
				CLANG_ENABLE_MODULES = YES;
				CLANG_ENABLE_OBJC_ARC = YES;
				CLANG_ENABLE_OBJC_WEAK = YES;
				CLANG_WARN_BLOCK_CAPTURE_AUTORELEASING = YES;
				CLANG_WARN_BOOL_CONVERSION = YES;
				CLANG_WARN_COMMA = YES;
				CLANG_WARN_CONSTANT_CONVERSION = YES;
				CLANG_WARN_DEPRECATED_OBJC_IMPLEMENTATIONS = YES;
				CLANG_WARN_DIRECT_OBJC_ISA_USAGE = YES_ERROR;
				CLANG_WARN_DOCUMENTATION_COMMENTS = YES;
				CLANG_WARN_EMPTY_BODY = YES;
				CLANG_WARN_ENUM_CONVERSION = YES;
				CLANG_WARN_INFINITE_RECURSION = YES;
				CLANG_WARN_INT_CONVERSION = YES;
				CLANG_WARN_NON_LITERAL_NULL_CONVERSION = YES;
				CLANG_WARN_OBJC_IMPLICIT_RETAIN_SELF = YES;
				CLANG_WARN_OBJC_LITERAL_CONVERSION = YES;
				CLANG_WARN_OBJC_ROOT_CLASS = YES_ERROR;
				CLANG_WARN_QUOTED_INCLUDE_IN_FRAMEWORK_HEADER = YES;
				CLANG_WARN_RANGE_LOOP_ANALYSIS = YES;
				CLANG_WARN_STRICT_PROTOTYPES = YES;
				CLANG_WARN_SUSPICIOUS_MOVE = YES;
				CLANG_WARN_UNGUARDED_AVAILABILITY = YES_AGGRESSIVE;
				CLANG_WARN_UNREACHABLE_CODE = YES;
				CLANG_WARN__DUPLICATE_METHOD_MATCH = YES;
				COPY_PHASE_STRIP = NO;
				DEBUG_INFORMATION_FORMAT = "dwarf-with-dsym";
				ENABLE_NS_ASSERTIONS = NO;
				ENABLE_STRICT_OBJC_MSGSEND = YES;
				ENABLE_USER_SCRIPT_SANDBOXING = YES;
				GCC_C_LANGUAGE_STANDARD = gnu17;
				GCC_NO_COMMON_BLOCKS = YES;
				GCC_WARN_64_TO_32_BIT_CONVERSION = YES;
				GCC_WARN_ABOUT_RETURN_TYPE = YES_ERROR;
				GCC_WARN_UNDECLARED_SELECTOR = YES;
				GCC_WARN_UNINITIALIZED_AUTOS = YES_AGGRESSIVE;
				GCC_WARN_UNUSED_FUNCTION = YES;
				GCC_WARN_UNUSED_VARIABLE = YES;
				IPHONEOS_DEPLOYMENT_TARGET = 17.2;
				LOCALIZATION_PREFERS_STRING_CATALOGS = YES;
				MTL_ENABLE_DEBUG_INFO = NO;
				MTL_FAST_MATH = YES;
				SDKROOT = iphoneos;
				SWIFT_COMPILATION_MODE = wholemodule;
				VALIDATE_PRODUCT = YES;
			};
			name = Release;
		};
		CAA83D652C579F3000E39D6F /* Debug */ = {
			isa = XCBuildConfiguration;
			buildSettings = {
				ASSETCATALOG_COMPILER_APPICON_NAME = AppIcon;
				ASSETCATALOG_COMPILER_GLOBAL_ACCENT_COLOR_NAME = AccentColor;
				CODE_SIGN_STYLE = Automatic;
				CURRENT_PROJECT_VERSION = 1;
				DEVELOPMENT_ASSET_PATHS = "\"facebook/Preview Content\"";
				DEVELOPMENT_TEAM = DDX45LBBX3;
				ENABLE_PREVIEWS = YES;
				GENERATE_INFOPLIST_FILE = YES;
				INFOPLIST_KEY_UIApplicationSceneManifest_Generation = YES;
				INFOPLIST_KEY_UIApplicationSupportsIndirectInputEvents = YES;
				INFOPLIST_KEY_UILaunchScreen_Generation = YES;
				INFOPLIST_KEY_UISupportedInterfaceOrientations_iPad = "UIInterfaceOrientationPortrait UIInterfaceOrientationPortraitUpsideDown UIInterfaceOrientationLandscapeLeft UIInterfaceOrientationLandscapeRight";
				INFOPLIST_KEY_UISupportedInterfaceOrientations_iPhone = "UIInterfaceOrientationPortrait UIInterfaceOrientationLandscapeLeft UIInterfaceOrientationLandscapeRight";
				LD_RUNPATH_SEARCH_PATHS = (
					"$(inherited)",
					"@executable_path/Frameworks",
				);
				MARKETING_VERSION = 1.0;
				PRODUCT_BUNDLE_IDENTIFIER = com.learnswiftui.facebook;
				PRODUCT_NAME = "$(TARGET_NAME)";
				SWIFT_EMIT_LOC_STRINGS = YES;
				SWIFT_VERSION = 5.0;
				TARGETED_DEVICE_FAMILY = "1,2";
			};
			name = Debug;
		};
		CAA83D662C579F3000E39D6F /* Release */ = {
			isa = XCBuildConfiguration;
			buildSettings = {
				ASSETCATALOG_COMPILER_APPICON_NAME = AppIcon;
				ASSETCATALOG_COMPILER_GLOBAL_ACCENT_COLOR_NAME = AccentColor;
				CODE_SIGN_STYLE = Automatic;
				CURRENT_PROJECT_VERSION = 1;
				DEVELOPMENT_ASSET_PATHS = "\"facebook/Preview Content\"";
				DEVELOPMENT_TEAM = DDX45LBBX3;
				ENABLE_PREVIEWS = YES;
				GENERATE_INFOPLIST_FILE = YES;
				INFOPLIST_KEY_UIApplicationSceneManifest_Generation = YES;
				INFOPLIST_KEY_UIApplicationSupportsIndirectInputEvents = YES;
				INFOPLIST_KEY_UILaunchScreen_Generation = YES;
				INFOPLIST_KEY_UISupportedInterfaceOrientations_iPad = "UIInterfaceOrientationPortrait UIInterfaceOrientationPortraitUpsideDown UIInterfaceOrientationLandscapeLeft UIInterfaceOrientationLandscapeRight";
				INFOPLIST_KEY_UISupportedInterfaceOrientations_iPhone = "UIInterfaceOrientationPortrait UIInterfaceOrientationLandscapeLeft UIInterfaceOrientationLandscapeRight";
				LD_RUNPATH_SEARCH_PATHS = (
					"$(inherited)",
					"@executable_path/Frameworks",
				);
				MARKETING_VERSION = 1.0;
				PRODUCT_BUNDLE_IDENTIFIER = com.learnswiftui.facebook;
				PRODUCT_NAME = "$(TARGET_NAME)";
				SWIFT_EMIT_LOC_STRINGS = YES;
				SWIFT_VERSION = 5.0;
				TARGETED_DEVICE_FAMILY = "1,2";
			};
			name = Release;
		};
		CAA83D682C579F3000E39D6F /* Debug */ = {
			isa = XCBuildConfiguration;
			buildSettings = {
				ALWAYS_EMBED_SWIFT_STANDARD_LIBRARIES = YES;
				BUNDLE_LOADER = "$(TEST_HOST)";
				CODE_SIGN_STYLE = Automatic;
				CURRENT_PROJECT_VERSION = 1;
				DEVELOPMENT_TEAM = DDX45LBBX3;
				GENERATE_INFOPLIST_FILE = YES;
				IPHONEOS_DEPLOYMENT_TARGET = 17.2;
				MARKETING_VERSION = 1.0;
				PRODUCT_BUNDLE_IDENTIFIER = com.learnswiftui.facebookTests;
				PRODUCT_NAME = "$(TARGET_NAME)";
				SWIFT_EMIT_LOC_STRINGS = NO;
				SWIFT_VERSION = 5.0;
				TARGETED_DEVICE_FAMILY = "1,2";
				TEST_HOST = "$(BUILT_PRODUCTS_DIR)/facebook.app/$(BUNDLE_EXECUTABLE_FOLDER_PATH)/facebook";
			};
			name = Debug;
		};
		CAA83D692C579F3000E39D6F /* Release */ = {
			isa = XCBuildConfiguration;
			buildSettings = {
				ALWAYS_EMBED_SWIFT_STANDARD_LIBRARIES = YES;
				BUNDLE_LOADER = "$(TEST_HOST)";
				CODE_SIGN_STYLE = Automatic;
				CURRENT_PROJECT_VERSION = 1;
				DEVELOPMENT_TEAM = DDX45LBBX3;
				GENERATE_INFOPLIST_FILE = YES;
				IPHONEOS_DEPLOYMENT_TARGET = 17.2;
				MARKETING_VERSION = 1.0;
				PRODUCT_BUNDLE_IDENTIFIER = com.learnswiftui.facebookTests;
				PRODUCT_NAME = "$(TARGET_NAME)";
				SWIFT_EMIT_LOC_STRINGS = NO;
				SWIFT_VERSION = 5.0;
				TARGETED_DEVICE_FAMILY = "1,2";
				TEST_HOST = "$(BUILT_PRODUCTS_DIR)/facebook.app/$(BUNDLE_EXECUTABLE_FOLDER_PATH)/facebook";
			};
			name = Release;
		};
		CAA83D6B2C579F3000E39D6F /* Debug */ = {
			isa = XCBuildConfiguration;
			buildSettings = {
				ALWAYS_EMBED_SWIFT_STANDARD_LIBRARIES = YES;
				CODE_SIGN_STYLE = Automatic;
				CURRENT_PROJECT_VERSION = 1;
				DEVELOPMENT_TEAM = DDX45LBBX3;
				GENERATE_INFOPLIST_FILE = YES;
				MARKETING_VERSION = 1.0;
				PRODUCT_BUNDLE_IDENTIFIER = com.learnswiftui.facebookUITests;
				PRODUCT_NAME = "$(TARGET_NAME)";
				SWIFT_EMIT_LOC_STRINGS = NO;
				SWIFT_VERSION = 5.0;
				TARGETED_DEVICE_FAMILY = "1,2";
				TEST_TARGET_NAME = facebook;
			};
			name = Debug;
		};
		CAA83D6C2C579F3000E39D6F /* Release */ = {
			isa = XCBuildConfiguration;
			buildSettings = {
				ALWAYS_EMBED_SWIFT_STANDARD_LIBRARIES = YES;
				CODE_SIGN_STYLE = Automatic;
				CURRENT_PROJECT_VERSION = 1;
				DEVELOPMENT_TEAM = DDX45LBBX3;
				GENERATE_INFOPLIST_FILE = YES;
				MARKETING_VERSION = 1.0;
				PRODUCT_BUNDLE_IDENTIFIER = com.learnswiftui.facebookUITests;
				PRODUCT_NAME = "$(TARGET_NAME)";
				SWIFT_EMIT_LOC_STRINGS = NO;
				SWIFT_VERSION = 5.0;
				TARGETED_DEVICE_FAMILY = "1,2";
				TEST_TARGET_NAME = facebook;
			};
			name = Release;
		};
/* End XCBuildConfiguration section */

/* Begin XCConfigurationList section */
		CAA83D3B2C579F2A00E39D6F /* Build configuration list for PBXProject "facebook" */ = {
			isa = XCConfigurationList;
			buildConfigurations = (
				CAA83D622C579F3000E39D6F /* Debug */,
				CAA83D632C579F3000E39D6F /* Release */,
			);
			defaultConfigurationIsVisible = 0;
			defaultConfigurationName = Release;
		};
		CAA83D642C579F3000E39D6F /* Build configuration list for PBXNativeTarget "facebook" */ = {
			isa = XCConfigurationList;
			buildConfigurations = (
				CAA83D652C579F3000E39D6F /* Debug */,
				CAA83D662C579F3000E39D6F /* Release */,
			);
			defaultConfigurationIsVisible = 0;
			defaultConfigurationName = Release;
		};
		CAA83D672C579F3000E39D6F /* Build configuration list for PBXNativeTarget "facebookTests" */ = {
			isa = XCConfigurationList;
			buildConfigurations = (
				CAA83D682C579F3000E39D6F /* Debug */,
				CAA83D692C579F3000E39D6F /* Release */,
			);
			defaultConfigurationIsVisible = 0;
			defaultConfigurationName = Release;
		};
		CAA83D6A2C579F3000E39D6F /* Build configuration list for PBXNativeTarget "facebookUITests" */ = {
			isa = XCConfigurationList;
			buildConfigurations = (
				CAA83D6B2C579F3000E39D6F /* Debug */,
				CAA83D6C2C579F3000E39D6F /* Release */,
			);
			defaultConfigurationIsVisible = 0;
			defaultConfigurationName = Release;
		};
/* End XCConfigurationList section */
	};
	rootObject = CAA83D382C579F2A00E39D6F /* Project object */;
}
